// !$*UTF8*$!
{
	archiveVersion = 1;
	classes = {
	};
	objectVersion = 55;
	objects = {

/* Begin PBXBuildFile section */
		44029241273C6A0F00AA2C67 /* Modifiers.swift in Sources */ = {isa = PBXBuildFile; fileRef = 44029240273C6A0F00AA2C67 /* Modifiers.swift */; };
		44029243273C766D00AA2C67 /* Extensions.swift in Sources */ = {isa = PBXBuildFile; fileRef = 44029242273C766C00AA2C67 /* Extensions.swift */; };
		44029245273C7AF300AA2C67 /* ReelView.swift in Sources */ = {isa = PBXBuildFile; fileRef = 44029244273C7AF300AA2C67 /* ReelView.swift */; };
		44029247273C8E6700AA2C67 /* InfoView.swift in Sources */ = {isa = PBXBuildFile; fileRef = 44029246273C8E6700AA2C67 /* InfoView.swift */; };
		4462DCB5273F2AAC00F4CECC /* PlaySound.swift in Sources */ = {isa = PBXBuildFile; fileRef = 4462DCB4273F2AAB00F4CECC /* PlaySound.swift */; };
		4462DCBC273F36D000F4CECC /* Stickers.xcassets in Resources */ = {isa = PBXBuildFile; fileRef = 4462DCBB273F36D000F4CECC /* Stickers.xcassets */; };
		4462DCC0273F36D000F4CECC /* Slot Machine Stickers.appex in Embed App Extensions */ = {isa = PBXBuildFile; fileRef = 4462DCB9273F36CE00F4CECC /* Slot Machine Stickers.appex */; platformFilter = ios; settings = {ATTRIBUTES = (RemoveHeadersOnCopy, ); }; };
		44B0A8962719C73400F7B135 /* Slot_MachineApp.swift in Sources */ = {isa = PBXBuildFile; fileRef = 44B0A8952719C73400F7B135 /* Slot_MachineApp.swift */; };
		44B0A8982719C73400F7B135 /* ContentView.swift in Sources */ = {isa = PBXBuildFile; fileRef = 44B0A8972719C73400F7B135 /* ContentView.swift */; };
		44B0A89A2719C73B00F7B135 /* Assets.xcassets in Resources */ = {isa = PBXBuildFile; fileRef = 44B0A8992719C73B00F7B135 /* Assets.xcassets */; };
		44B0A89D2719C73B00F7B135 /* Preview Assets.xcassets in Resources */ = {isa = PBXBuildFile; fileRef = 44B0A89C2719C73B00F7B135 /* Preview Assets.xcassets */; };
		44B0A8AB2719CEBB00F7B135 /* win.mp3 in Resources */ = {isa = PBXBuildFile; fileRef = 44B0A8A32719CEB800F7B135 /* win.mp3 */; };
		44B0A8AC2719CEBB00F7B135 /* riseup.mp3 in Resources */ = {isa = PBXBuildFile; fileRef = 44B0A8A42719CEB900F7B135 /* riseup.mp3 */; };
		44B0A8AD2719CEBB00F7B135 /* background-music.mp3 in Resources */ = {isa = PBXBuildFile; fileRef = 44B0A8A52719CEB900F7B135 /* background-music.mp3 */; };
		44B0A8AE2719CEBB00F7B135 /* casino-chips.mp3 in Resources */ = {isa = PBXBuildFile; fileRef = 44B0A8A62719CEBA00F7B135 /* casino-chips.mp3 */; };
		44B0A8AF2719CEBB00F7B135 /* high-score.mp3 in Resources */ = {isa = PBXBuildFile; fileRef = 44B0A8A72719CEBA00F7B135 /* high-score.mp3 */; };
		44B0A8B02719CEBB00F7B135 /* chimeup.mp3 in Resources */ = {isa = PBXBuildFile; fileRef = 44B0A8A82719CEBA00F7B135 /* chimeup.mp3 */; };
		44B0A8B12719CEBB00F7B135 /* spin.mp3 in Resources */ = {isa = PBXBuildFile; fileRef = 44B0A8A92719CEBA00F7B135 /* spin.mp3 */; };
		44B0A8B22719CEBB00F7B135 /* game-over.mp3 in Resources */ = {isa = PBXBuildFile; fileRef = 44B0A8AA2719CEBA00F7B135 /* game-over.mp3 */; };
		44B0A8B72719CF9D00F7B135 /* LaunchScreen.storyboard in Resources */ = {isa = PBXBuildFile; fileRef = 44B0A8B62719CF9D00F7B135 /* LaunchScreen.storyboard */; };
		44BCE822273C688B009026A3 /* LogoView.swift in Sources */ = {isa = PBXBuildFile; fileRef = 44BCE821273C688A009026A3 /* LogoView.swift */; };
/* End PBXBuildFile section */

/* Begin PBXContainerItemProxy section */
		4462DCBE273F36D000F4CECC /* PBXContainerItemProxy */ = {
			isa = PBXContainerItemProxy;
			containerPortal = 44B0A88A2719C73300F7B135 /* Project object */;
			proxyType = 1;
			remoteGlobalIDString = 4462DCB8273F36CE00F4CECC;
			remoteInfo = "Slot Machine Stickers";
		};
/* End PBXContainerItemProxy section */

/* Begin PBXCopyFilesBuildPhase section */
		4462DCC4273F36D000F4CECC /* Embed App Extensions */ = {
			isa = PBXCopyFilesBuildPhase;
			buildActionMask = 2147483647;
			dstPath = "";
			dstSubfolderSpec = 13;
			files = (
				4462DCC0273F36D000F4CECC /* Slot Machine Stickers.appex in Embed App Extensions */,
			);
			name = "Embed App Extensions";
			runOnlyForDeploymentPostprocessing = 0;
		};
/* End PBXCopyFilesBuildPhase section */

/* Begin PBXFileReference section */
		44029240273C6A0F00AA2C67 /* Modifiers.swift */ = {isa = PBXFileReference; lastKnownFileType = sourcecode.swift; path = Modifiers.swift; sourceTree = "<group>"; };
		44029242273C766C00AA2C67 /* Extensions.swift */ = {isa = PBXFileReference; lastKnownFileType = sourcecode.swift; path = Extensions.swift; sourceTree = "<group>"; };
		44029244273C7AF300AA2C67 /* ReelView.swift */ = {isa = PBXFileReference; lastKnownFileType = sourcecode.swift; path = ReelView.swift; sourceTree = "<group>"; };
		44029246273C8E6700AA2C67 /* InfoView.swift */ = {isa = PBXFileReference; lastKnownFileType = sourcecode.swift; path = InfoView.swift; sourceTree = "<group>"; };
		4462DCB4273F2AAB00F4CECC /* PlaySound.swift */ = {isa = PBXFileReference; lastKnownFileType = sourcecode.swift; path = PlaySound.swift; sourceTree = "<group>"; };
		4462DCB6273F33E900F4CECC /* Slot Machine.entitlements */ = {isa = PBXFileReference; lastKnownFileType = text.plist.entitlements; path = "Slot Machine.entitlements"; sourceTree = "<group>"; };
		4462DCB9273F36CE00F4CECC /* Slot Machine Stickers.appex */ = {isa = PBXFileReference; explicitFileType = "wrapper.app-extension"; includeInIndex = 0; path = "Slot Machine Stickers.appex"; sourceTree = BUILT_PRODUCTS_DIR; };
		4462DCBB273F36D000F4CECC /* Stickers.xcassets */ = {isa = PBXFileReference; lastKnownFileType = folder.assetcatalog; path = Stickers.xcassets; sourceTree = "<group>"; };
		4462DCBD273F36D000F4CECC /* Info.plist */ = {isa = PBXFileReference; lastKnownFileType = text.plist.xml; path = Info.plist; sourceTree = "<group>"; };
		44B0A8922719C73400F7B135 /* Slot Machine.app */ = {isa = PBXFileReference; explicitFileType = wrapper.application; includeInIndex = 0; path = "Slot Machine.app"; sourceTree = BUILT_PRODUCTS_DIR; };
		44B0A8952719C73400F7B135 /* Slot_MachineApp.swift */ = {isa = PBXFileReference; lastKnownFileType = sourcecode.swift; path = Slot_MachineApp.swift; sourceTree = "<group>"; };
		44B0A8972719C73400F7B135 /* ContentView.swift */ = {isa = PBXFileReference; lastKnownFileType = sourcecode.swift; path = ContentView.swift; sourceTree = "<group>"; };
		44B0A8992719C73B00F7B135 /* Assets.xcassets */ = {isa = PBXFileReference; lastKnownFileType = folder.assetcatalog; path = Assets.xcassets; sourceTree = "<group>"; };
		44B0A89C2719C73B00F7B135 /* Preview Assets.xcassets */ = {isa = PBXFileReference; lastKnownFileType = folder.assetcatalog; path = "Preview Assets.xcassets"; sourceTree = "<group>"; };
		44B0A8A32719CEB800F7B135 /* win.mp3 */ = {isa = PBXFileReference; lastKnownFileType = audio.mp3; path = win.mp3; sourceTree = "<group>"; };
		44B0A8A42719CEB900F7B135 /* riseup.mp3 */ = {isa = PBXFileReference; lastKnownFileType = audio.mp3; path = riseup.mp3; sourceTree = "<group>"; };
		44B0A8A52719CEB900F7B135 /* background-music.mp3 */ = {isa = PBXFileReference; lastKnownFileType = audio.mp3; path = "background-music.mp3"; sourceTree = "<group>"; };
		44B0A8A62719CEBA00F7B135 /* casino-chips.mp3 */ = {isa = PBXFileReference; lastKnownFileType = audio.mp3; path = "casino-chips.mp3"; sourceTree = "<group>"; };
		44B0A8A72719CEBA00F7B135 /* high-score.mp3 */ = {isa = PBXFileReference; lastKnownFileType = audio.mp3; path = "high-score.mp3"; sourceTree = "<group>"; };
		44B0A8A82719CEBA00F7B135 /* chimeup.mp3 */ = {isa = PBXFileReference; lastKnownFileType = audio.mp3; path = chimeup.mp3; sourceTree = "<group>"; };
		44B0A8A92719CEBA00F7B135 /* spin.mp3 */ = {isa = PBXFileReference; lastKnownFileType = audio.mp3; path = spin.mp3; sourceTree = "<group>"; };
		44B0A8AA2719CEBA00F7B135 /* game-over.mp3 */ = {isa = PBXFileReference; lastKnownFileType = audio.mp3; path = "game-over.mp3"; sourceTree = "<group>"; };
		44B0A8B62719CF9D00F7B135 /* LaunchScreen.storyboard */ = {isa = PBXFileReference; lastKnownFileType = file.storyboard; path = LaunchScreen.storyboard; sourceTree = "<group>"; };
		44B0A8FA2719F28400F7B135 /* Slot-Machine-Info.plist */ = {isa = PBXFileReference; lastKnownFileType = text.plist; path = "Slot-Machine-Info.plist"; sourceTree = SOURCE_ROOT; };
		44BCE821273C688A009026A3 /* LogoView.swift */ = {isa = PBXFileReference; lastKnownFileType = sourcecode.swift; path = LogoView.swift; sourceTree = "<group>"; };
/* End PBXFileReference section */

/* Begin PBXFrameworksBuildPhase section */
		44B0A88F2719C73300F7B135 /* Frameworks */ = {
			isa = PBXFrameworksBuildPhase;
			buildActionMask = 2147483647;
			files = (
			);
			runOnlyForDeploymentPostprocessing = 0;
		};
/* End PBXFrameworksBuildPhase section */

/* Begin PBXGroup section */
		4462DCBA273F36CE00F4CECC /* Slot Machine Stickers */ = {
			isa = PBXGroup;
			children = (
				4462DCBB273F36D000F4CECC /* Stickers.xcassets */,
				4462DCBD273F36D000F4CECC /* Info.plist */,
			);
			path = "Slot Machine Stickers";
			sourceTree = "<group>";
		};
		44B0A8892719C73300F7B135 = {
			isa = PBXGroup;
			children = (
				44B0A8942719C73400F7B135 /* Slot Machine */,
				4462DCBA273F36CE00F4CECC /* Slot Machine Stickers */,
				44B0A8932719C73400F7B135 /* Products */,
			);
			sourceTree = "<group>";
		};
		44B0A8932719C73400F7B135 /* Products */ = {
			isa = PBXGroup;
			children = (
				44B0A8922719C73400F7B135 /* Slot Machine.app */,
				4462DCB9273F36CE00F4CECC /* Slot Machine Stickers.appex */,
			);
			name = Products;
			sourceTree = "<group>";
		};
		44B0A8942719C73400F7B135 /* Slot Machine */ = {
			isa = PBXGroup;
			children = (
				4462DCB6273F33E900F4CECC /* Slot Machine.entitlements */,
				44B0A8FA2719F28400F7B135 /* Slot-Machine-Info.plist */,
				44B0A8B42719CEEA00F7B135 /* Views */,
				44B0A8B52719CF0D00F7B135 /* Helpers */,
				44B0A8B32719CECC00F7B135 /* Sounds */,
				44B0A8952719C73400F7B135 /* Slot_MachineApp.swift */,
				44B0A8992719C73B00F7B135 /* Assets.xcassets */,
				44B0A8B62719CF9D00F7B135 /* LaunchScreen.storyboard */,
				44B0A89B2719C73B00F7B135 /* Preview Content */,
			);
			path = "Slot Machine";
			sourceTree = "<group>";
		};
		44B0A89B2719C73B00F7B135 /* Preview Content */ = {
			isa = PBXGroup;
			children = (
				44B0A89C2719C73B00F7B135 /* Preview Assets.xcassets */,
			);
			path = "Preview Content";
			sourceTree = "<group>";
		};
		44B0A8B32719CECC00F7B135 /* Sounds */ = {
			isa = PBXGroup;
			children = (
				44B0A8A52719CEB900F7B135 /* background-music.mp3 */,
				44B0A8A62719CEBA00F7B135 /* casino-chips.mp3 */,
				44B0A8A82719CEBA00F7B135 /* chimeup.mp3 */,
				44B0A8AA2719CEBA00F7B135 /* game-over.mp3 */,
				44B0A8A72719CEBA00F7B135 /* high-score.mp3 */,
				44B0A8A42719CEB900F7B135 /* riseup.mp3 */,
				44B0A8A92719CEBA00F7B135 /* spin.mp3 */,
				44B0A8A32719CEB800F7B135 /* win.mp3 */,
			);
			path = Sounds;
			sourceTree = "<group>";
		};
		44B0A8B42719CEEA00F7B135 /* Views */ = {
			isa = PBXGroup;
			children = (
				44B0A8972719C73400F7B135 /* ContentView.swift */,
				44BCE821273C688A009026A3 /* LogoView.swift */,
				44029244273C7AF300AA2C67 /* ReelView.swift */,
				44029246273C8E6700AA2C67 /* InfoView.swift */,
			);
			path = Views;
			sourceTree = "<group>";
		};
		44B0A8B52719CF0D00F7B135 /* Helpers */ = {
			isa = PBXGroup;
			children = (
				44029240273C6A0F00AA2C67 /* Modifiers.swift */,
				44029242273C766C00AA2C67 /* Extensions.swift */,
				4462DCB4273F2AAB00F4CECC /* PlaySound.swift */,
			);
			path = Helpers;
			sourceTree = "<group>";
		};
/* End PBXGroup section */

/* Begin PBXNativeTarget section */
		4462DCB8273F36CE00F4CECC /* Slot Machine Stickers */ = {
			isa = PBXNativeTarget;
			buildConfigurationList = 4462DCC1273F36D000F4CECC /* Build configuration list for PBXNativeTarget "Slot Machine Stickers" */;
			buildPhases = (
				4462DCB7273F36CE00F4CECC /* Resources */,
			);
			buildRules = (
			);
			dependencies = (
			);
			name = "Slot Machine Stickers";
			productName = "Slot Machine Stickers";
			productReference = 4462DCB9273F36CE00F4CECC /* Slot Machine Stickers.appex */;
			productType = "com.apple.product-type.app-extension.messages-sticker-pack";
		};
		44B0A8912719C73300F7B135 /* Slot Machine */ = {
			isa = PBXNativeTarget;
			buildConfigurationList = 44B0A8A02719C73B00F7B135 /* Build configuration list for PBXNativeTarget "Slot Machine" */;
			buildPhases = (
				44B0A88E2719C73300F7B135 /* Sources */,
				44B0A88F2719C73300F7B135 /* Frameworks */,
				44B0A8902719C73300F7B135 /* Resources */,
				4462DCC4273F36D000F4CECC /* Embed App Extensions */,
			);
			buildRules = (
			);
			dependencies = (
				4462DCBF273F36D000F4CECC /* PBXTargetDependency */,
			);
			name = "Slot Machine";
			productName = "Slot Machine";
			productReference = 44B0A8922719C73400F7B135 /* Slot Machine.app */;
			productType = "com.apple.product-type.application";
		};
/* End PBXNativeTarget section */

/* Begin PBXProject section */
		44B0A88A2719C73300F7B135 /* Project object */ = {
			isa = PBXProject;
			attributes = {
				BuildIndependentTargetsInParallel = 1;
				LastSwiftUpdateCheck = 1300;
				LastUpgradeCheck = 1300;
				TargetAttributes = {
					4462DCB8273F36CE00F4CECC = {
						CreatedOnToolsVersion = 13.1;
					};
					44B0A8912719C73300F7B135 = {
						CreatedOnToolsVersion = 13.0;
					};
				};
			};
			buildConfigurationList = 44B0A88D2719C73300F7B135 /* Build configuration list for PBXProject "Slot Machine" */;
			compatibilityVersion = "Xcode 13.0";
			developmentRegion = en;
			hasScannedForEncodings = 0;
			knownRegions = (
				en,
				Base,
			);
			mainGroup = 44B0A8892719C73300F7B135;
			productRefGroup = 44B0A8932719C73400F7B135 /* Products */;
			projectDirPath = "";
			projectRoot = "";
			targets = (
				44B0A8912719C73300F7B135 /* Slot Machine */,
				4462DCB8273F36CE00F4CECC /* Slot Machine Stickers */,
			);
		};
/* End PBXProject section */

/* Begin PBXResourcesBuildPhase section */
		4462DCB7273F36CE00F4CECC /* Resources */ = {
			isa = PBXResourcesBuildPhase;
			buildActionMask = 2147483647;
			files = (
				4462DCBC273F36D000F4CECC /* Stickers.xcassets in Resources */,
			);
			runOnlyForDeploymentPostprocessing = 0;
		};
		44B0A8902719C73300F7B135 /* Resources */ = {
			isa = PBXResourcesBuildPhase;
			buildActionMask = 2147483647;
			files = (
				44B0A8AF2719CEBB00F7B135 /* high-score.mp3 in Resources */,
				44B0A8AC2719CEBB00F7B135 /* riseup.mp3 in Resources */,
				44B0A8B12719CEBB00F7B135 /* spin.mp3 in Resources */,
				44B0A8AB2719CEBB00F7B135 /* win.mp3 in Resources */,
				44B0A8AD2719CEBB00F7B135 /* background-music.mp3 in Resources */,
				44B0A8B02719CEBB00F7B135 /* chimeup.mp3 in Resources */,
				44B0A8B22719CEBB00F7B135 /* game-over.mp3 in Resources */,
				44B0A89D2719C73B00F7B135 /* Preview Assets.xcassets in Resources */,
				44B0A89A2719C73B00F7B135 /* Assets.xcassets in Resources */,
				44B0A8B72719CF9D00F7B135 /* LaunchScreen.storyboard in Resources */,
				44B0A8AE2719CEBB00F7B135 /* casino-chips.mp3 in Resources */,
			);
			runOnlyForDeploymentPostprocessing = 0;
		};
/* End PBXResourcesBuildPhase section */

/* Begin PBXSourcesBuildPhase section */
		44B0A88E2719C73300F7B135 /* Sources */ = {
			isa = PBXSourcesBuildPhase;
			buildActionMask = 2147483647;
			files = (
				44029245273C7AF300AA2C67 /* ReelView.swift in Sources */,
				4462DCB5273F2AAC00F4CECC /* PlaySound.swift in Sources */,
				44029243273C766D00AA2C67 /* Extensions.swift in Sources */,
				44029241273C6A0F00AA2C67 /* Modifiers.swift in Sources */,
				44B0A8982719C73400F7B135 /* ContentView.swift in Sources */,
				44BCE822273C688B009026A3 /* LogoView.swift in Sources */,
				44B0A8962719C73400F7B135 /* Slot_MachineApp.swift in Sources */,
				44029247273C8E6700AA2C67 /* InfoView.swift in Sources */,
			);
			runOnlyForDeploymentPostprocessing = 0;
		};
/* End PBXSourcesBuildPhase section */

/* Begin PBXTargetDependency section */
		4462DCBF273F36D000F4CECC /* PBXTargetDependency */ = {
			isa = PBXTargetDependency;
			target = 4462DCB8273F36CE00F4CECC /* Slot Machine Stickers */;
			targetProxy = 4462DCBE273F36D000F4CECC /* PBXContainerItemProxy */;
		};
/* End PBXTargetDependency section */

/* Begin XCBuildConfiguration section */
		4462DCC2273F36D000F4CECC /* Debug */ = {
			isa = XCBuildConfiguration;
			buildSettings = {
				ASSETCATALOG_COMPILER_APPICON_NAME = "iMessage App Icon";
				CODE_SIGN_STYLE = Automatic;
				CURRENT_PROJECT_VERSION = 1;
				DEVELOPMENT_TEAM = WQYHWJVQDB;
				GENERATE_INFOPLIST_FILE = YES;
				INFOPLIST_FILE = "Slot Machine Stickers/Info.plist";
				INFOPLIST_KEY_CFBundleDisplayName = "Slot Machine";
				IPHONEOS_DEPLOYMENT_TARGET = 10.0;
				MARKETING_VERSION = 1.0;
				PRODUCT_BUNDLE_IDENTIFIER = "com.arcadiasoftworks.Slot-Machine.Slot-Machine-Stickers";
				PRODUCT_NAME = "$(TARGET_NAME)";
				SKIP_INSTALL = YES;
				SWIFT_EMIT_LOC_STRINGS = YES;
				TARGETED_DEVICE_FAMILY = "1,2";
			};
			name = Debug;
		};
		4462DCC3273F36D000F4CECC /* Release */ = {
			isa = XCBuildConfiguration;
			buildSettings = {
				ASSETCATALOG_COMPILER_APPICON_NAME = "iMessage App Icon";
				CODE_SIGN_STYLE = Automatic;
				CURRENT_PROJECT_VERSION = 1;
				DEVELOPMENT_TEAM = WQYHWJVQDB;
				GENERATE_INFOPLIST_FILE = YES;
				INFOPLIST_FILE = "Slot Machine Stickers/Info.plist";
				INFOPLIST_KEY_CFBundleDisplayName = "Slot Machine";
				IPHONEOS_DEPLOYMENT_TARGET = 10.0;
				MARKETING_VERSION = 1.0;
				PRODUCT_BUNDLE_IDENTIFIER = "com.arcadiasoftworks.Slot-Machine.Slot-Machine-Stickers";
				PRODUCT_NAME = "$(TARGET_NAME)";
				SKIP_INSTALL = YES;
				SWIFT_EMIT_LOC_STRINGS = YES;
				TARGETED_DEVICE_FAMILY = "1,2";
			};
			name = Release;
		};
		44B0A89E2719C73B00F7B135 /* Debug */ = {
			isa = XCBuildConfiguration;
			buildSettings = {
				ALWAYS_SEARCH_USER_PATHS = NO;
				CLANG_ANALYZER_NONNULL = YES;
				CLANG_ANALYZER_NUMBER_OBJECT_CONVERSION = YES_AGGRESSIVE;
				CLANG_CXX_LANGUAGE_STANDARD = "gnu++17";
				CLANG_CXX_LIBRARY = "libc++";
				CLANG_ENABLE_MODULES = YES;
				CLANG_ENABLE_OBJC_ARC = YES;
				CLANG_ENABLE_OBJC_WEAK = YES;
				CLANG_WARN_BLOCK_CAPTURE_AUTORELEASING = YES;
				CLANG_WARN_BOOL_CONVERSION = YES;
				CLANG_WARN_COMMA = YES;
				CLANG_WARN_CONSTANT_CONVERSION = YES;
				CLANG_WARN_DEPRECATED_OBJC_IMPLEMENTATIONS = YES;
				CLANG_WARN_DIRECT_OBJC_ISA_USAGE = YES_ERROR;
				CLANG_WARN_DOCUMENTATION_COMMENTS = YES;
				CLANG_WARN_EMPTY_BODY = YES;
				CLANG_WARN_ENUM_CONVERSION = YES;
				CLANG_WARN_INFINITE_RECURSION = YES;
				CLANG_WARN_INT_CONVERSION = YES;
				CLANG_WARN_NON_LITERAL_NULL_CONVERSION = YES;
				CLANG_WARN_OBJC_IMPLICIT_RETAIN_SELF = YES;
				CLANG_WARN_OBJC_LITERAL_CONVERSION = YES;
				CLANG_WARN_OBJC_ROOT_CLASS = YES_ERROR;
				CLANG_WARN_QUOTED_INCLUDE_IN_FRAMEWORK_HEADER = YES;
				CLANG_WARN_RANGE_LOOP_ANALYSIS = YES;
				CLANG_WARN_STRICT_PROTOTYPES = YES;
				CLANG_WARN_SUSPICIOUS_MOVE = YES;
				CLANG_WARN_UNGUARDED_AVAILABILITY = YES_AGGRESSIVE;
				CLANG_WARN_UNREACHABLE_CODE = YES;
				CLANG_WARN__DUPLICATE_METHOD_MATCH = YES;
				COPY_PHASE_STRIP = NO;
				DEBUG_INFORMATION_FORMAT = dwarf;
				ENABLE_STRICT_OBJC_MSGSEND = YES;
				ENABLE_TESTABILITY = YES;
				GCC_C_LANGUAGE_STANDARD = gnu11;
				GCC_DYNAMIC_NO_PIC = NO;
				GCC_NO_COMMON_BLOCKS = YES;
				GCC_OPTIMIZATION_LEVEL = 0;
				GCC_PREPROCESSOR_DEFINITIONS = (
					"DEBUG=1",
					"$(inherited)",
				);
				GCC_WARN_64_TO_32_BIT_CONVERSION = YES;
				GCC_WARN_ABOUT_RETURN_TYPE = YES_ERROR;
				GCC_WARN_UNDECLARED_SELECTOR = YES;
				GCC_WARN_UNINITIALIZED_AUTOS = YES_AGGRESSIVE;
				GCC_WARN_UNUSED_FUNCTION = YES;
				GCC_WARN_UNUSED_VARIABLE = YES;
				IPHONEOS_DEPLOYMENT_TARGET = 15.0;
				MTL_ENABLE_DEBUG_INFO = INCLUDE_SOURCE;
				MTL_FAST_MATH = YES;
				ONLY_ACTIVE_ARCH = YES;
				SDKROOT = iphoneos;
				SWIFT_ACTIVE_COMPILATION_CONDITIONS = DEBUG;
				SWIFT_OPTIMIZATION_LEVEL = "-Onone";
			};
			name = Debug;
		};
		44B0A89F2719C73B00F7B135 /* Release */ = {
			isa = XCBuildConfiguration;
			buildSettings = {
				ALWAYS_SEARCH_USER_PATHS = NO;
				CLANG_ANALYZER_NONNULL = YES;
				CLANG_ANALYZER_NUMBER_OBJECT_CONVERSION = YES_AGGRESSIVE;
				CLANG_CXX_LANGUAGE_STANDARD = "gnu++17";
				CLANG_CXX_LIBRARY = "libc++";
				CLANG_ENABLE_MODULES = YES;
				CLANG_ENABLE_OBJC_ARC = YES;
				CLANG_ENABLE_OBJC_WEAK = YES;
				CLANG_WARN_BLOCK_CAPTURE_AUTORELEASING = YES;
				CLANG_WARN_BOOL_CONVERSION = YES;
				CLANG_WARN_COMMA = YES;
				CLANG_WARN_CONSTANT_CONVERSION = YES;
				CLANG_WARN_DEPRECATED_OBJC_IMPLEMENTATIONS = YES;
				CLANG_WARN_DIRECT_OBJC_ISA_USAGE = YES_ERROR;
				CLANG_WARN_DOCUMENTATION_COMMENTS = YES;
				CLANG_WARN_EMPTY_BODY = YES;
				CLANG_WARN_ENUM_CONVERSION = YES;
				CLANG_WARN_INFINITE_RECURSION = YES;
				CLANG_WARN_INT_CONVERSION = YES;
				CLANG_WARN_NON_LITERAL_NULL_CONVERSION = YES;
				CLANG_WARN_OBJC_IMPLICIT_RETAIN_SELF = YES;
				CLANG_WARN_OBJC_LITERAL_CONVERSION = YES;
				CLANG_WARN_OBJC_ROOT_CLASS = YES_ERROR;
				CLANG_WARN_QUOTED_INCLUDE_IN_FRAMEWORK_HEADER = YES;
				CLANG_WARN_RANGE_LOOP_ANALYSIS = YES;
				CLANG_WARN_STRICT_PROTOTYPES = YES;
				CLANG_WARN_SUSPICIOUS_MOVE = YES;
				CLANG_WARN_UNGUARDED_AVAILABILITY = YES_AGGRESSIVE;
				CLANG_WARN_UNREACHABLE_CODE = YES;
				CLANG_WARN__DUPLICATE_METHOD_MATCH = YES;
				COPY_PHASE_STRIP = NO;
				DEBUG_INFORMATION_FORMAT = "dwarf-with-dsym";
				ENABLE_NS_ASSERTIONS = NO;
				ENABLE_STRICT_OBJC_MSGSEND = YES;
				GCC_C_LANGUAGE_STANDARD = gnu11;
				GCC_NO_COMMON_BLOCKS = YES;
				GCC_WARN_64_TO_32_BIT_CONVERSION = YES;
				GCC_WARN_ABOUT_RETURN_TYPE = YES_ERROR;
				GCC_WARN_UNDECLARED_SELECTOR = YES;
				GCC_WARN_UNINITIALIZED_AUTOS = YES_AGGRESSIVE;
				GCC_WARN_UNUSED_FUNCTION = YES;
				GCC_WARN_UNUSED_VARIABLE = YES;
				IPHONEOS_DEPLOYMENT_TARGET = 15.0;
				MTL_ENABLE_DEBUG_INFO = NO;
				MTL_FAST_MATH = YES;
				SDKROOT = iphoneos;
				SWIFT_COMPILATION_MODE = wholemodule;
				SWIFT_OPTIMIZATION_LEVEL = "-O";
				VALIDATE_PRODUCT = YES;
			};
			name = Release;
		};
		44B0A8A12719C73B00F7B135 /* Debug */ = {
			isa = XCBuildConfiguration;
			buildSettings = {
				ASSETCATALOG_COMPILER_APPICON_NAME = AppIcon;
				ASSETCATALOG_COMPILER_GLOBAL_ACCENT_COLOR_NAME = AccentColor;
				CODE_SIGN_ENTITLEMENTS = "Slot Machine/Slot Machine.entitlements";
				CODE_SIGN_STYLE = Automatic;
				CURRENT_PROJECT_VERSION = 1;
				DEVELOPMENT_ASSET_PATHS = "\"Slot Machine/Preview Content\"";
				DEVELOPMENT_TEAM = WQYHWJVQDB;
				ENABLE_PREVIEWS = YES;
				GENERATE_INFOPLIST_FILE = YES;
				INFOPLIST_FILE = "Slot-Machine-Info.plist";
				INFOPLIST_KEY_UIApplicationSupportsIndirectInputEvents = YES;
				INFOPLIST_KEY_UILaunchScreen_Generation = YES;
				INFOPLIST_KEY_UILaunchStoryboardName = LaunchScreen;
				INFOPLIST_KEY_UIMainStoryboardFile = LaunchScreen;
				INFOPLIST_KEY_UISupportedInterfaceOrientations = UIInterfaceOrientationPortrait;
				INFOPLIST_KEY_UISupportedInterfaceOrientations_iPad = "UIInterfaceOrientationPortrait UIInterfaceOrientationPortraitUpsideDown UIInterfaceOrientationLandscapeLeft UIInterfaceOrientationLandscapeRight";
				INFOPLIST_KEY_UISupportedInterfaceOrientations_iPhone = "UIInterfaceOrientationPortrait UIInterfaceOrientationLandscapeLeft UIInterfaceOrientationLandscapeRight";
				IPHONEOS_DEPLOYMENT_TARGET = 15.0;
				LD_RUNPATH_SEARCH_PATHS = (
					"$(inherited)",
					"@executable_path/Frameworks",
				);
				MARKETING_VERSION = 1.0;
				PRODUCT_BUNDLE_IDENTIFIER = "com.arcadiasoftworks.Slot-Machine";
				PRODUCT_NAME = "$(TARGET_NAME)";
				SUPPORTS_MACCATALYST = YES;
				SWIFT_EMIT_LOC_STRINGS = YES;
				SWIFT_VERSION = 5.0;
				TARGETED_DEVICE_FAMILY = "1,2";
			};
			name = Debug;
		};
		44B0A8A22719C73B00F7B135 /* Release */ = {
			isa = XCBuildConfiguration;
			buildSettings = {
				ASSETCATALOG_COMPILER_APPICON_NAME = AppIcon;
				ASSETCATALOG_COMPILER_GLOBAL_ACCENT_COLOR_NAME = AccentColor;
				CODE_SIGN_ENTITLEMENTS = "Slot Machine/Slot Machine.entitlements";
				CODE_SIGN_STYLE = Automatic;
				CURRENT_PROJECT_VERSION = 1;
				DEVELOPMENT_ASSET_PATHS = "\"Slot Machine/Preview Content\"";
				DEVELOPMENT_TEAM = WQYHWJVQDB;
				ENABLE_PREVIEWS = YES;
				GENERATE_INFOPLIST_FILE = YES;
				INFOPLIST_FILE = "Slot-Machine-Info.plist";
				INFOPLIST_KEY_UIApplicationSupportsIndirectInputEvents = YES;
				INFOPLIST_KEY_UILaunchScreen_Generation = YES;
				INFOPLIST_KEY_UILaunchStoryboardName = LaunchScreen;
				INFOPLIST_KEY_UIMainStoryboardFile = LaunchScreen;
				INFOPLIST_KEY_UISupportedInterfaceOrientations = UIInterfaceOrientationPortrait;
				INFOPLIST_KEY_UISupportedInterfaceOrientations_iPad = "UIInterfaceOrientationPortrait UIInterfaceOrientationPortraitUpsideDown UIInterfaceOrientationLandscapeLeft UIInterfaceOrientationLandscapeRight";
				INFOPLIST_KEY_UISupportedInterfaceOrientations_iPhone = "UIInterfaceOrientationPortrait UIInterfaceOrientationLandscapeLeft UIInterfaceOrientationLandscapeRight";
				IPHONEOS_DEPLOYMENT_TARGET = 15.0;
				LD_RUNPATH_SEARCH_PATHS = (
					"$(inherited)",
					"@executable_path/Frameworks",
				);
				MARKETING_VERSION = 1.0;
				PRODUCT_BUNDLE_IDENTIFIER = "com.arcadiasoftworks.Slot-Machine";
				PRODUCT_NAME = "$(TARGET_NAME)";
				SUPPORTS_MACCATALYST = YES;
				SWIFT_EMIT_LOC_STRINGS = YES;
				SWIFT_VERSION = 5.0;
				TARGETED_DEVICE_FAMILY = "1,2";
			};
			name = Release;
		};
/* End XCBuildConfiguration section */

/* Begin XCConfigurationList section */
		4462DCC1273F36D000F4CECC /* Build configuration list for PBXNativeTarget "Slot Machine Stickers" */ = {
			isa = XCConfigurationList;
			buildConfigurations = (
				4462DCC2273F36D000F4CECC /* Debug */,
				4462DCC3273F36D000F4CECC /* Release */,
			);
			defaultConfigurationIsVisible = 0;
			defaultConfigurationName = Release;
		};
		44B0A88D2719C73300F7B135 /* Build configuration list for PBXProject "Slot Machine" */ = {
			isa = XCConfigurationList;
			buildConfigurations = (
				44B0A89E2719C73B00F7B135 /* Debug */,
				44B0A89F2719C73B00F7B135 /* Release */,
			);
			defaultConfigurationIsVisible = 0;
			defaultConfigurationName = Release;
		};
		44B0A8A02719C73B00F7B135 /* Build configuration list for PBXNativeTarget "Slot Machine" */ = {
			isa = XCConfigurationList;
			buildConfigurations = (
				44B0A8A12719C73B00F7B135 /* Debug */,
				44B0A8A22719C73B00F7B135 /* Release */,
			);
			defaultConfigurationIsVisible = 0;
			defaultConfigurationName = Release;
		};
/* End XCConfigurationList section */
	};
	rootObject = 44B0A88A2719C73300F7B135 /* Project object */;
}
